{
    "lockfile_version": "1.0",
    "created_at": "2025-10-29T04:40:33.998792+08:00",
    "invocation": {
        "command": "tb",
        "args": [
            "run",
            "--agent",
            "nop",
            "--task-id",
            "template-task",
            "--dataset-path",
            "./contributor_tasks"
        ]
    },
    "harness": {
        "package": "terminal-bench",
        "version": "0.2.18",
        "is_editable_installation": true
    },
    "agent": {
        "name": "nop",
        "import_path": "terminal_bench.agents.null_agent:NopAgent",
        "model_name": null,
        "extra_kwargs": {
            "no_rebuild": false,
            "use_subscription": false
        }
    },
    "run_config": {
        "log_level": "info",
        "livestream": false,
        "n_concurrent_trials": 5,
        "n_attempts": 1,
        "no_rebuild": false,
        "cleanup": true,
        "global_timeout_multiplier": 1.0,
        "global_agent_timeout_sec": null,
        "global_test_timeout_sec": null
    },
    "dataset": {
        "name": null,
        "version": null,
        "local_path": "/home/aubrey/parsewave-contributor/contributions-aubreymargarette/contributor_tasks",
        "task_ids": [
            "template-task"
        ],
        "registry_url": null,
        "local_registry_path": null
    },
    "local_config": {
        "output_path": "runs",
        "run_id": "2025-10-29__04-40-33",
        "upload_results": false
    }
}